// !$*UTF8*$!
{
	archiveVersion = 1;
	classes = {
	};
	objectVersion = 46;
	objects = {

/* Begin PBXBuildFile section */
		0400EB621C88067B009686AB /* VC_Hist.swift in Sources */ = {isa = PBXBuildFile; fileRef = 0400EB611C88067B009686AB /* VC_Hist.swift */; };
		04432E681C79841C009B47DA /* Admin.swift in Sources */ = {isa = PBXBuildFile; fileRef = 04432E671C79841C009B47DA /* Admin.swift */; };
		049246601C67651000B95ACC /* Methods.swift in Sources */ = {isa = PBXBuildFile; fileRef = 0492465F1C67650F00B95ACC /* Methods.swift */; };
		04A9E8191CA8A9D4004DBB00 /* VC_LocList.swift in Sources */ = {isa = PBXBuildFile; fileRef = 04A9E8181CA8A9D4004DBB00 /* VC_LocList.swift */; };
		04B96D031C8E59170057D174 /* VC_Map.swift in Sources */ = {isa = PBXBuildFile; fileRef = 04B96D021C8E59170057D174 /* VC_Map.swift */; };
		04B96D051C8E9E920057D174 /* Loc.swift in Sources */ = {isa = PBXBuildFile; fileRef = 04B96D041C8E9E920057D174 /* Loc.swift */; };
		04BEC9541C65D6D7005A99DF /* SandboxViewController.swift in Sources */ = {isa = PBXBuildFile; fileRef = 04BEC9531C65D6D7005A99DF /* SandboxViewController.swift */; };
		04C067721C8736B500ACCB6E /* Hist.swift in Sources */ = {isa = PBXBuildFile; fileRef = 04C067711C8736B500ACCB6E /* Hist.swift */; };
		04CBAB6D1C7C0F5F00FDEDE2 /* db.swift in Sources */ = {isa = PBXBuildFile; fileRef = 04CBAB6C1C7C0F5F00FDEDE2 /* db.swift */; };
		04CBAB6F1C7C1FB200FDEDE2 /* Data.swift in Sources */ = {isa = PBXBuildFile; fileRef = 04CBAB6E1C7C1FB200FDEDE2 /* Data.swift */; };
		04D0EE731C6848C300268C68 /* CONS.swift in Sources */ = {isa = PBXBuildFile; fileRef = 04D0EE721C6848C200268C68 /* CONS.swift */; };
		04D640421C851E4600A091B7 /* VC_Preference.swift in Sources */ = {isa = PBXBuildFile; fileRef = 04D640411C851E4600A091B7 /* VC_Preference.swift */; };
		04EA58AE1C7B340500823173 /* Proj.swift in Sources */ = {isa = PBXBuildFile; fileRef = 04EA58AD1C7B340500823173 /* Proj.swift */; };
		3E16ACD61BC009DF004AE056 /* AppDelegate.swift in Sources */ = {isa = PBXBuildFile; fileRef = 3E16ACD51BC009DF004AE056 /* AppDelegate.swift */; };
		3E16ACD81BC009DF004AE056 /* ViewController.swift in Sources */ = {isa = PBXBuildFile; fileRef = 3E16ACD71BC009DF004AE056 /* ViewController.swift */; };
		3E16ACDB1BC009DF004AE056 /* Main.storyboard in Resources */ = {isa = PBXBuildFile; fileRef = 3E16ACD91BC009DF004AE056 /* Main.storyboard */; };
		3E16ACDD1BC009DF004AE056 /* Assets.xcassets in Resources */ = {isa = PBXBuildFile; fileRef = 3E16ACDC1BC009DF004AE056 /* Assets.xcassets */; };
		3E16ACE01BC009DF004AE056 /* LaunchScreen.storyboard in Resources */ = {isa = PBXBuildFile; fileRef = 3E16ACDE1BC009DF004AE056 /* LaunchScreen.storyboard */; };
		3E634A701BC2FAB800D13685 /* InputViewController.swift in Sources */ = {isa = PBXBuildFile; fileRef = 3E634A6F1BC2FAB800D13685 /* InputViewController.swift */; };
		3E634A721BC302D600D13685 /* Diary.swift in Sources */ = {isa = PBXBuildFile; fileRef = 3E634A711BC302D600D13685 /* Diary.swift */; };
		CA02A463E6E7E6DD9332D60B /* Pods.framework in Frameworks */ = {isa = PBXBuildFile; fileRef = 9073F031E84C5ABB2FE756B3 /* Pods.framework */; };
/* End PBXBuildFile section */

/* Begin PBXFileReference section */
		0400EB611C88067B009686AB /* VC_Hist.swift */ = {isa = PBXFileReference; fileEncoding = 4; lastKnownFileType = sourcecode.swift; name = VC_Hist.swift; path = chapter6/VC_Hist.swift; sourceTree = SOURCE_ROOT; };
		04432E671C79841C009B47DA /* Admin.swift */ = {isa = PBXFileReference; fileEncoding = 4; lastKnownFileType = sourcecode.swift; name = Admin.swift; path = chapter6/Admin.swift; sourceTree = SOURCE_ROOT; };
		0492465F1C67650F00B95ACC /* Methods.swift */ = {isa = PBXFileReference; fileEncoding = 4; lastKnownFileType = sourcecode.swift; name = Methods.swift; path = chapter6/Methods.swift; sourceTree = SOURCE_ROOT; };
		04A9E8181CA8A9D4004DBB00 /* VC_LocList.swift */ = {isa = PBXFileReference; fileEncoding = 4; lastKnownFileType = sourcecode.swift; name = VC_LocList.swift; path = chapter6/VC_LocList.swift; sourceTree = SOURCE_ROOT; };
		04B96D021C8E59170057D174 /* VC_Map.swift */ = {isa = PBXFileReference; fileEncoding = 4; lastKnownFileType = sourcecode.swift; name = VC_Map.swift; path = chapter6/VC_Map.swift; sourceTree = SOURCE_ROOT; };
		04B96D041C8E9E920057D174 /* Loc.swift */ = {isa = PBXFileReference; fileEncoding = 4; lastKnownFileType = sourcecode.swift; name = Loc.swift; path = chapter6/Loc.swift; sourceTree = SOURCE_ROOT; };
		04BEC9531C65D6D7005A99DF /* SandboxViewController.swift */ = {isa = PBXFileReference; fileEncoding = 4; lastKnownFileType = sourcecode.swift; name = SandboxViewController.swift; path = chapter6/SandboxViewController.swift; sourceTree = SOURCE_ROOT; };
		04C067711C8736B500ACCB6E /* Hist.swift */ = {isa = PBXFileReference; fileEncoding = 4; lastKnownFileType = sourcecode.swift; name = Hist.swift; path = chapter6/Hist.swift; sourceTree = SOURCE_ROOT; };
		04CBAB6C1C7C0F5F00FDEDE2 /* db.swift */ = {isa = PBXFileReference; fileEncoding = 4; lastKnownFileType = sourcecode.swift; name = db.swift; path = chapter6/db.swift; sourceTree = SOURCE_ROOT; };
		04CBAB6E1C7C1FB200FDEDE2 /* Data.swift */ = {isa = PBXFileReference; fileEncoding = 4; lastKnownFileType = sourcecode.swift; name = Data.swift; path = chapter6/Data.swift; sourceTree = SOURCE_ROOT; };
		04D0EE721C6848C200268C68 /* CONS.swift */ = {isa = PBXFileReference; fileEncoding = 4; lastKnownFileType = sourcecode.swift; path = CONS.swift; sourceTree = "<group>"; };
		04D640411C851E4600A091B7 /* VC_Preference.swift */ = {isa = PBXFileReference; fileEncoding = 4; lastKnownFileType = sourcecode.swift; name = VC_Preference.swift; path = chapter6/VC_Preference.swift; sourceTree = SOURCE_ROOT; };
		04EA58AD1C7B340500823173 /* Proj.swift */ = {isa = PBXFileReference; fileEncoding = 4; lastKnownFileType = sourcecode.swift; path = Proj.swift; sourceTree = "<group>"; };
		08EE451116E278EBBCBD6B3E /* Pods.release.xcconfig */ = {isa = PBXFileReference; includeInIndex = 1; lastKnownFileType = text.xcconfig; name = Pods.release.xcconfig; path = "Pods/Target Support Files/Pods/Pods.release.xcconfig"; sourceTree = "<group>"; };
		1682D88BED352843A2E26BF8 /* Pods.debug.xcconfig */ = {isa = PBXFileReference; includeInIndex = 1; lastKnownFileType = text.xcconfig; name = Pods.debug.xcconfig; path = "Pods/Target Support Files/Pods/Pods.debug.xcconfig"; sourceTree = "<group>"; };
		3E16ACD21BC009DF004AE056 /* Chapter6.app */ = {isa = PBXFileReference; explicitFileType = wrapper.application; includeInIndex = 0; path = Chapter6.app; sourceTree = BUILT_PRODUCTS_DIR; };
		3E16ACD51BC009DF004AE056 /* AppDelegate.swift */ = {isa = PBXFileReference; lastKnownFileType = sourcecode.swift; path = AppDelegate.swift; sourceTree = "<group>"; };
		3E16ACD71BC009DF004AE056 /* ViewController.swift */ = {isa = PBXFileReference; lastKnownFileType = sourcecode.swift; path = ViewController.swift; sourceTree = "<group>"; };
		3E16ACDA1BC009DF004AE056 /* Base */ = {isa = PBXFileReference; lastKnownFileType = file.storyboard; name = Base; path = Base.lproj/Main.storyboard; sourceTree = "<group>"; };
		3E16ACDC1BC009DF004AE056 /* Assets.xcassets */ = {isa = PBXFileReference; lastKnownFileType = folder.assetcatalog; path = Assets.xcassets; sourceTree = "<group>"; };
		3E16ACDF1BC009DF004AE056 /* Base */ = {isa = PBXFileReference; lastKnownFileType = file.storyboard; name = Base; path = Base.lproj/LaunchScreen.storyboard; sourceTree = "<group>"; };
		3E16ACE11BC009DF004AE056 /* Info.plist */ = {isa = PBXFileReference; lastKnownFileType = text.plist.xml; name = Info.plist; path = Chapter6/Info.plist; sourceTree = "<group>"; };
		3E634A6F1BC2FAB800D13685 /* InputViewController.swift */ = {isa = PBXFileReference; fileEncoding = 4; lastKnownFileType = sourcecode.swift; path = InputViewController.swift; sourceTree = "<group>"; };
		3E634A711BC302D600D13685 /* Diary.swift */ = {isa = PBXFileReference; fileEncoding = 4; lastKnownFileType = sourcecode.swift; path = Diary.swift; sourceTree = "<group>"; };
		9073F031E84C5ABB2FE756B3 /* Pods.framework */ = {isa = PBXFileReference; explicitFileType = wrapper.framework; includeInIndex = 0; path = Pods.framework; sourceTree = BUILT_PRODUCTS_DIR; };
/* End PBXFileReference section */

/* Begin PBXFrameworksBuildPhase section */
		3E16ACCF1BC009DF004AE056 /* Frameworks */ = {
			isa = PBXFrameworksBuildPhase;
			buildActionMask = 2147483647;
			files = (
				CA02A463E6E7E6DD9332D60B /* Pods.framework in Frameworks */,
			);
			runOnlyForDeploymentPostprocessing = 0;
		};
/* End PBXFrameworksBuildPhase section */

/* Begin PBXGroup section */
		046CF6D71C784F400049DB74 /* utils */ = {
			isa = PBXGroup;
			children = (
				04CBAB6C1C7C0F5F00FDEDE2 /* db.swift */,
				0492465F1C67650F00B95ACC /* Methods.swift */,
				04D0EE721C6848C200268C68 /* CONS.swift */,
				04EA58AD1C7B340500823173 /* Proj.swift */,
			);
			name = utils;
			sourceTree = "<group>";
		};
		046CF6D81C784F530049DB74 /* models */ = {
			isa = PBXGroup;
			children = (
				3E634A711BC302D600D13685 /* Diary.swift */,
				04432E671C79841C009B47DA /* Admin.swift */,
				04CBAB6E1C7C1FB200FDEDE2 /* Data.swift */,
				04C067711C8736B500ACCB6E /* Hist.swift */,
				04B96D041C8E9E920057D174 /* Loc.swift */,
			);
			name = models;
			sourceTree = "<group>";
		};
		3E16ACC91BC009DF004AE056 = {
			isa = PBXGroup;
			children = (
				3E16ACD41BC009DF004AE056 /* Chapter6 */,
				3E16ACD31BC009DF004AE056 /* Products */,
				3E16ACE11BC009DF004AE056 /* Info.plist */,
				3E380AB1BCC02193B67FE466 /* Pods */,
				EA8DD8465C09B3EFE4584D03 /* Frameworks */,
			);
			sourceTree = "<group>";
		};
		3E16ACD31BC009DF004AE056 /* Products */ = {
			isa = PBXGroup;
			children = (
				3E16ACD21BC009DF004AE056 /* Chapter6.app */,
			);
			name = Products;
			sourceTree = "<group>";
		};
		3E16ACD41BC009DF004AE056 /* Chapter6 */ = {
			isa = PBXGroup;
			children = (
				046CF6D81C784F530049DB74 /* models */,
				046CF6D71C784F400049DB74 /* utils */,
				3E16ACD51BC009DF004AE056 /* AppDelegate.swift */,
				3E16ACD71BC009DF004AE056 /* ViewController.swift */,
				04B96D021C8E59170057D174 /* VC_Map.swift */,
				04D640411C851E4600A091B7 /* VC_Preference.swift */,
				0400EB611C88067B009686AB /* VC_Hist.swift */,
				04BEC9531C65D6D7005A99DF /* SandboxViewController.swift */,
				3E634A6F1BC2FAB800D13685 /* InputViewController.swift */,
				3E16ACD91BC009DF004AE056 /* Main.storyboard */,
				3E16ACDC1BC009DF004AE056 /* Assets.xcassets */,
				3E16ACDE1BC009DF004AE056 /* LaunchScreen.storyboard */,
				04A9E8181CA8A9D4004DBB00 /* VC_LocList.swift */,
			);
			path = Chapter6;
			sourceTree = "<group>";
		};
		3E380AB1BCC02193B67FE466 /* Pods */ = {
			isa = PBXGroup;
			children = (
				1682D88BED352843A2E26BF8 /* Pods.debug.xcconfig */,
				08EE451116E278EBBCBD6B3E /* Pods.release.xcconfig */,
			);
			name = Pods;
			sourceTree = "<group>";
		};
		EA8DD8465C09B3EFE4584D03 /* Frameworks */ = {
			isa = PBXGroup;
			children = (
				9073F031E84C5ABB2FE756B3 /* Pods.framework */,
			);
			name = Frameworks;
			sourceTree = "<group>";
		};
/* End PBXGroup section */

/* Begin PBXNativeTarget section */
		3E16ACD11BC009DF004AE056 /* Chapter6 */ = {
			isa = PBXNativeTarget;
			buildConfigurationList = 3E16ACE41BC009DF004AE056 /* Build configuration list for PBXNativeTarget "Chapter6" */;
			buildPhases = (
				099FCB75EAB2F669EEF89890 /* Check Pods Manifest.lock */,
				3E16ACCE1BC009DF004AE056 /* Sources */,
				3E16ACCF1BC009DF004AE056 /* Frameworks */,
				3E16ACD01BC009DF004AE056 /* Resources */,
				F875E0038BFF87D88600576C /* Embed Pods Frameworks */,
				DD6F1289BA8DF6A64DB711A3 /* Copy Pods Resources */,
			);
			buildRules = (
			);
			dependencies = (
			);
			name = Chapter6;
			productName = Chapter6;
			productReference = 3E16ACD21BC009DF004AE056 /* Chapter6.app */;
			productType = "com.apple.product-type.application";
		};
/* End PBXNativeTarget section */

/* Begin PBXProject section */
		3E16ACCA1BC009DF004AE056 /* Project object */ = {
			isa = PBXProject;
			attributes = {
				LastUpgradeCheck = 0700;
				ORGANIZATIONNAME = shoeisha;
				TargetAttributes = {
					3E16ACD11BC009DF004AE056 = {
						CreatedOnToolsVersion = 7.0;
						DevelopmentTeam = AV7FA5M5PL;
					};
				};
			};
			buildConfigurationList = 3E16ACCD1BC009DF004AE056 /* Build configuration list for PBXProject "Chapter6" */;
			compatibilityVersion = "Xcode 3.2";
			developmentRegion = English;
			hasScannedForEncodings = 0;
			knownRegions = (
				en,
				Base,
			);
			mainGroup = 3E16ACC91BC009DF004AE056;
			productRefGroup = 3E16ACD31BC009DF004AE056 /* Products */;
			projectDirPath = "";
			projectRoot = "";
			targets = (
				3E16ACD11BC009DF004AE056 /* Chapter6 */,
			);
		};
/* End PBXProject section */

/* Begin PBXResourcesBuildPhase section */
		3E16ACD01BC009DF004AE056 /* Resources */ = {
			isa = PBXResourcesBuildPhase;
			buildActionMask = 2147483647;
			files = (
				3E16ACE01BC009DF004AE056 /* LaunchScreen.storyboard in Resources */,
				3E16ACDD1BC009DF004AE056 /* Assets.xcassets in Resources */,
				3E16ACDB1BC009DF004AE056 /* Main.storyboard in Resources */,
			);
			runOnlyForDeploymentPostprocessing = 0;
		};
/* End PBXResourcesBuildPhase section */

/* Begin PBXShellScriptBuildPhase section */
		099FCB75EAB2F669EEF89890 /* Check Pods Manifest.lock */ = {
			isa = PBXShellScriptBuildPhase;
			buildActionMask = 2147483647;
			files = (
			);
			inputPaths = (
			);
			name = "Check Pods Manifest.lock";
			outputPaths = (
			);
			runOnlyForDeploymentPostprocessing = 0;
			shellPath = /bin/sh;
			shellScript = "diff \"${PODS_ROOT}/../Podfile.lock\" \"${PODS_ROOT}/Manifest.lock\" > /dev/null\nif [[ $? != 0 ]] ; then\n    cat << EOM\nerror: The sandbox is not in sync with the Podfile.lock. Run 'pod install' or update your CocoaPods installation.\nEOM\n    exit 1\nfi\n";
			showEnvVarsInLog = 0;
		};
		DD6F1289BA8DF6A64DB711A3 /* Copy Pods Resources */ = {
			isa = PBXShellScriptBuildPhase;
			buildActionMask = 2147483647;
			files = (
			);
			inputPaths = (
			);
			name = "Copy Pods Resources";
			outputPaths = (
			);
			runOnlyForDeploymentPostprocessing = 0;
			shellPath = /bin/sh;
			shellScript = "\"${SRCROOT}/Pods/Target Support Files/Pods/Pods-resources.sh\"\n";
			showEnvVarsInLog = 0;
		};
		F875E0038BFF87D88600576C /* Embed Pods Frameworks */ = {
			isa = PBXShellScriptBuildPhase;
			buildActionMask = 2147483647;
			files = (
			);
			inputPaths = (
			);
			name = "Embed Pods Frameworks";
			outputPaths = (
			);
			runOnlyForDeploymentPostprocessing = 0;
			shellPath = /bin/sh;
			shellScript = "\"${SRCROOT}/Pods/Target Support Files/Pods/Pods-frameworks.sh\"\n";
			showEnvVarsInLog = 0;
		};
/* End PBXShellScriptBuildPhase section */

/* Begin PBXSourcesBuildPhase section */
		3E16ACCE1BC009DF004AE056 /* Sources */ = {
			isa = PBXSourcesBuildPhase;
			buildActionMask = 2147483647;
			files = (
				3E634A701BC2FAB800D13685 /* InputViewController.swift in Sources */,
				3E634A721BC302D600D13685 /* Diary.swift in Sources */,
				04B96D051C8E9E920057D174 /* Loc.swift in Sources */,
				0400EB621C88067B009686AB /* VC_Hist.swift in Sources */,
				3E16ACD81BC009DF004AE056 /* ViewController.swift in Sources */,
				04A9E8191CA8A9D4004DBB00 /* VC_LocList.swift in Sources */,
				04D0EE731C6848C300268C68 /* CONS.swift in Sources */,
				04C067721C8736B500ACCB6E /* Hist.swift in Sources */,
				04CBAB6F1C7C1FB200FDEDE2 /* Data.swift in Sources */,
				04D640421C851E4600A091B7 /* VC_Preference.swift in Sources */,
				04BEC9541C65D6D7005A99DF /* SandboxViewController.swift in Sources */,
				04EA58AE1C7B340500823173 /* Proj.swift in Sources */,
				049246601C67651000B95ACC /* Methods.swift in Sources */,
				04CBAB6D1C7C0F5F00FDEDE2 /* db.swift in Sources */,
				3E16ACD61BC009DF004AE056 /* AppDelegate.swift in Sources */,
				04432E681C79841C009B47DA /* Admin.swift in Sources */,
				04B96D031C8E59170057D174 /* VC_Map.swift in Sources */,
			);
			runOnlyForDeploymentPostprocessing = 0;
		};
/* End PBXSourcesBuildPhase section */

/* Begin PBXVariantGroup section */
		3E16ACD91BC009DF004AE056 /* Main.storyboard */ = {
			isa = PBXVariantGroup;
			children = (
				3E16ACDA1BC009DF004AE056 /* Base */,
			);
			name = Main.storyboard;
			sourceTree = "<group>";
		};
		3E16ACDE1BC009DF004AE056 /* LaunchScreen.storyboard */ = {
			isa = PBXVariantGroup;
			children = (
				3E16ACDF1BC009DF004AE056 /* Base */,
			);
			name = LaunchScreen.storyboard;
			sourceTree = "<group>";
		};
/* End PBXVariantGroup section */

/* Begin XCBuildConfiguration section */
		3E16ACE21BC009DF004AE056 /* Debug */ = {
			isa = XCBuildConfiguration;
			buildSettings = {
				ALWAYS_SEARCH_USER_PATHS = NO;
				CLANG_CXX_LANGUAGE_STANDARD = "gnu++0x";
				CLANG_CXX_LIBRARY = "libc++";
				CLANG_ENABLE_MODULES = YES;
				CLANG_ENABLE_OBJC_ARC = YES;
				CLANG_WARN_BOOL_CONVERSION = YES;
				CLANG_WARN_CONSTANT_CONVERSION = YES;
				CLANG_WARN_DIRECT_OBJC_ISA_USAGE = YES_ERROR;
				CLANG_WARN_EMPTY_BODY = YES;
				CLANG_WARN_ENUM_CONVERSION = YES;
				CLANG_WARN_INT_CONVERSION = YES;
				CLANG_WARN_OBJC_ROOT_CLASS = YES_ERROR;
				CLANG_WARN_UNREACHABLE_CODE = YES;
				CLANG_WARN__DUPLICATE_METHOD_MATCH = YES;
				"CODE_SIGN_IDENTITY[sdk=iphoneos*]" = "iPhone Developer";
				COPY_PHASE_STRIP = NO;
				DEBUG_INFORMATION_FORMAT = dwarf;
				ENABLE_STRICT_OBJC_MSGSEND = YES;
				ENABLE_TESTABILITY = YES;
				GCC_C_LANGUAGE_STANDARD = gnu99;
				GCC_DYNAMIC_NO_PIC = NO;
				GCC_NO_COMMON_BLOCKS = YES;
				GCC_OPTIMIZATION_LEVEL = 0;
				GCC_PREPROCESSOR_DEFINITIONS = (
					"DEBUG=1",
					"$(inherited)",
				);
				GCC_WARN_64_TO_32_BIT_CONVERSION = YES;
				GCC_WARN_ABOUT_RETURN_TYPE = YES_ERROR;
				GCC_WARN_UNDECLARED_SELECTOR = YES;
				GCC_WARN_UNINITIALIZED_AUTOS = YES_AGGRESSIVE;
				GCC_WARN_UNUSED_FUNCTION = YES;
				GCC_WARN_UNUSED_VARIABLE = YES;
				IPHONEOS_DEPLOYMENT_TARGET = 9.0;
				MTL_ENABLE_DEBUG_INFO = YES;
				ONLY_ACTIVE_ARCH = YES;
				SDKROOT = iphoneos;
				SWIFT_OPTIMIZATION_LEVEL = "-Onone";
			};
			name = Debug;
		};
		3E16ACE31BC009DF004AE056 /* Release */ = {
			isa = XCBuildConfiguration;
			buildSettings = {
				ALWAYS_SEARCH_USER_PATHS = NO;
				CLANG_CXX_LANGUAGE_STANDARD = "gnu++0x";
				CLANG_CXX_LIBRARY = "libc++";
				CLANG_ENABLE_MODULES = YES;
				CLANG_ENABLE_OBJC_ARC = YES;
				CLANG_WARN_BOOL_CONVERSION = YES;
				CLANG_WARN_CONSTANT_CONVERSION = YES;
				CLANG_WARN_DIRECT_OBJC_ISA_USAGE = YES_ERROR;
				CLANG_WARN_EMPTY_BODY = YES;
				CLANG_WARN_ENUM_CONVERSION = YES;
				CLANG_WARN_INT_CONVERSION = YES;
				CLANG_WARN_OBJC_ROOT_CLASS = YES_ERROR;
				CLANG_WARN_UNREACHABLE_CODE = YES;
				CLANG_WARN__DUPLICATE_METHOD_MATCH = YES;
				"CODE_SIGN_IDENTITY[sdk=iphoneos*]" = "iPhone Developer";
				COPY_PHASE_STRIP = NO;
				DEBUG_INFORMATION_FORMAT = "dwarf-with-dsym";
				ENABLE_NS_ASSERTIONS = NO;
				ENABLE_STRICT_OBJC_MSGSEND = YES;
				GCC_C_LANGUAGE_STANDARD = gnu99;
				GCC_NO_COMMON_BLOCKS = YES;
				GCC_WARN_64_TO_32_BIT_CONVERSION = YES;
				GCC_WARN_ABOUT_RETURN_TYPE = YES_ERROR;
				GCC_WARN_UNDECLARED_SELECTOR = YES;
				GCC_WARN_UNINITIALIZED_AUTOS = YES_AGGRESSIVE;
				GCC_WARN_UNUSED_FUNCTION = YES;
				GCC_WARN_UNUSED_VARIABLE = YES;
				IPHONEOS_DEPLOYMENT_TARGET = 9.0;
				MTL_ENABLE_DEBUG_INFO = NO;
				SDKROOT = iphoneos;
				VALIDATE_PRODUCT = YES;
			};
			name = Release;
		};
		3E16ACE51BC009DF004AE056 /* Debug */ = {
			isa = XCBuildConfiguration;
			baseConfigurationReference = 1682D88BED352843A2E26BF8 /* Pods.debug.xcconfig */;
			buildSettings = {
				ASSETCATALOG_COMPILER_APPICON_NAME = AppIcon;
				CODE_SIGN_IDENTITY = "iPhone Developer";
				INFOPLIST_FILE = Chapter6/Info.plist;
				IPHONEOS_DEPLOYMENT_TARGET = 9.2;
				LD_RUNPATH_SEARCH_PATHS = "$(inherited) @executable_path/Frameworks";
				PRODUCT_BUNDLE_IDENTIFIER = "D-4.s-5-3.1";
				PRODUCT_NAME = "$(TARGET_NAME)";
			};
			name = Debug;
		};
		3E16ACE61BC009DF004AE056 /* Release */ = {
			isa = XCBuildConfiguration;
			baseConfigurationReference = 08EE451116E278EBBCBD6B3E /* Pods.release.xcconfig */;
			buildSettings = {
				ASSETCATALOG_COMPILER_APPICON_NAME = AppIcon;
				CODE_SIGN_IDENTITY = "iPhone Developer";
				INFOPLIST_FILE = Chapter6/Info.plist;
				IPHONEOS_DEPLOYMENT_TARGET = 9.2;
				LD_RUNPATH_SEARCH_PATHS = "$(inherited) @executable_path/Frameworks";
				PRODUCT_BUNDLE_IDENTIFIER = "D-4.s-5-3.1";
				PRODUCT_NAME = "$(TARGET_NAME)";
			};
			name = Release;
		};
/* End XCBuildConfiguration section */

/* Begin XCConfigurationList section */
		3E16ACCD1BC009DF004AE056 /* Build configuration list for PBXProject "Chapter6" */ = {
			isa = XCConfigurationList;
			buildConfigurations = (
				3E16ACE21BC009DF004AE056 /* Debug */,
				3E16ACE31BC009DF004AE056 /* Release */,
			);
			defaultConfigurationIsVisible = 0;
			defaultConfigurationName = Release;
		};
		3E16ACE41BC009DF004AE056 /* Build configuration list for PBXNativeTarget "Chapter6" */ = {
			isa = XCConfigurationList;
			buildConfigurations = (
				3E16ACE51BC009DF004AE056 /* Debug */,
				3E16ACE61BC009DF004AE056 /* Release */,
			);
			defaultConfigurationIsVisible = 0;
			defaultConfigurationName = Release;
		};
/* End XCConfigurationList section */
	};
	rootObject = 3E16ACCA1BC009DF004AE056 /* Project object */;
}
