// !$*UTF8*$!
{
	archiveVersion = 1;
	classes = {
	};
	objectVersion = 46;
	objects = {

/* Begin PBXBuildFile section */
		040D66391C7070EF0062799F /* BMViewController.swift in Sources */ = {isa = PBXBuildFile; fileRef = 040D66381C7070EF0062799F /* BMViewController.swift */; };
		040D663D1C70A76E0062799F /* PreferenceViewController.swift in Sources */ = {isa = PBXBuildFile; fileRef = 040D663C1C70A76E0062799F /* PreferenceViewController.swift */; };
		043FD3E91C70081700E6C342 /* BM_2.swift in Sources */ = {isa = PBXBuildFile; fileRef = 043FD3E81C70081700E6C342 /* BM_2.swift */; };
		045194E51C80255B005894C5 /* PVC.swift in Sources */ = {isa = PBXBuildFile; fileRef = 045194E41C80255B005894C5 /* PVC.swift */; };
		046CF6D41C784C1C0049DB74 /* CONS.swift in Sources */ = {isa = PBXBuildFile; fileRef = 046CF6D21C784C1C0049DB74 /* CONS.swift */; };
		046CF6D51C784C1C0049DB74 /* Methods.swift in Sources */ = {isa = PBXBuildFile; fileRef = 046CF6D31C784C1C0049DB74 /* Methods.swift */; };
		04C308831C76ED2800E71881 /* Clip.swift in Sources */ = {isa = PBXBuildFile; fileRef = 04C308821C76ED2800E71881 /* Clip.swift */; };
		04E80F211C6EFDAA00EE4F88 /* BM.swift in Sources */ = {isa = PBXBuildFile; fileRef = 04E80F201C6EFDAA00EE4F88 /* BM.swift */; };
		04FED8051C7286A0004B9022 /* DB.swift in Sources */ = {isa = PBXBuildFile; fileRef = 04FED8041C7286A0004B9022 /* DB.swift */; };
		3E230B2C1BC887F9000162A3 /* AppDelegate.swift in Sources */ = {isa = PBXBuildFile; fileRef = 3E230B2B1BC887F9000162A3 /* AppDelegate.swift */; };
		3E230B301BC887F9000162A3 /* MovieListViewController.swift in Sources */ = {isa = PBXBuildFile; fileRef = 3E230B2F1BC887F9000162A3 /* MovieListViewController.swift */; };
		3E230B331BC887F9000162A3 /* Main.storyboard in Resources */ = {isa = PBXBuildFile; fileRef = 3E230B311BC887F9000162A3 /* Main.storyboard */; };
		3E230B351BC887F9000162A3 /* Assets.xcassets in Resources */ = {isa = PBXBuildFile; fileRef = 3E230B341BC887F9000162A3 /* Assets.xcassets */; };
		3E230B381BC887F9000162A3 /* LaunchScreen.storyboard in Resources */ = {isa = PBXBuildFile; fileRef = 3E230B361BC887F9000162A3 /* LaunchScreen.storyboard */; };
		3E7E2E061BCEB1EA005415C3 /* MusicListViewController.swift in Sources */ = {isa = PBXBuildFile; fileRef = 3E7E2E051BCEB1EA005415C3 /* MusicListViewController.swift */; };
		3ECB9C121BCECDFC006B1253 /* PlayerViewController.swift in Sources */ = {isa = PBXBuildFile; fileRef = 3ECB9C111BCECDFC006B1253 /* PlayerViewController.swift */; };
		6B7C4F6F4ADA9C2CC1C29D26 /* Pods.framework in Frameworks */ = {isa = PBXBuildFile; fileRef = 4C17A484F5774CCE20042D35 /* Pods.framework */; };
/* End PBXBuildFile section */

/* Begin PBXFileReference section */
		040D66381C7070EF0062799F /* BMViewController.swift */ = {isa = PBXFileReference; fileEncoding = 4; lastKnownFileType = sourcecode.swift; path = BMViewController.swift; sourceTree = "<group>"; };
		040D663C1C70A76E0062799F /* PreferenceViewController.swift */ = {isa = PBXFileReference; fileEncoding = 4; lastKnownFileType = sourcecode.swift; path = PreferenceViewController.swift; sourceTree = "<group>"; };
		043FD3E81C70081700E6C342 /* BM_2.swift */ = {isa = PBXFileReference; fileEncoding = 4; lastKnownFileType = sourcecode.swift; path = BM_2.swift; sourceTree = "<group>"; };
		045194E41C80255B005894C5 /* PVC.swift */ = {isa = PBXFileReference; fileEncoding = 4; lastKnownFileType = sourcecode.swift; path = PVC.swift; sourceTree = "<group>"; };
		046CF6D21C784C1C0049DB74 /* CONS.swift */ = {isa = PBXFileReference; fileEncoding = 4; lastKnownFileType = sourcecode.swift; path = CONS.swift; sourceTree = "<group>"; };
		046CF6D31C784C1C0049DB74 /* Methods.swift */ = {isa = PBXFileReference; fileEncoding = 4; lastKnownFileType = sourcecode.swift; path = Methods.swift; sourceTree = "<group>"; };
		04C308821C76ED2800E71881 /* Clip.swift */ = {isa = PBXFileReference; fileEncoding = 4; lastKnownFileType = sourcecode.swift; path = Clip.swift; sourceTree = "<group>"; };
		04E80F201C6EFDAA00EE4F88 /* BM.swift */ = {isa = PBXFileReference; fileEncoding = 4; lastKnownFileType = sourcecode.swift; path = BM.swift; sourceTree = "<group>"; };
		04FED8041C7286A0004B9022 /* DB.swift */ = {isa = PBXFileReference; fileEncoding = 4; lastKnownFileType = sourcecode.swift; path = DB.swift; sourceTree = "<group>"; };
		3E230B281BC887F9000162A3 /* AVPlayer.app */ = {isa = PBXFileReference; explicitFileType = wrapper.application; includeInIndex = 0; path = AVPlayer.app; sourceTree = BUILT_PRODUCTS_DIR; };
		3E230B2B1BC887F9000162A3 /* AppDelegate.swift */ = {isa = PBXFileReference; lastKnownFileType = sourcecode.swift; path = AppDelegate.swift; sourceTree = "<group>"; };
		3E230B2F1BC887F9000162A3 /* MovieListViewController.swift */ = {isa = PBXFileReference; lastKnownFileType = sourcecode.swift; path = MovieListViewController.swift; sourceTree = "<group>"; };
		3E230B321BC887F9000162A3 /* Base */ = {isa = PBXFileReference; lastKnownFileType = file.storyboard; name = Base; path = Base.lproj/Main.storyboard; sourceTree = "<group>"; };
		3E230B341BC887F9000162A3 /* Assets.xcassets */ = {isa = PBXFileReference; lastKnownFileType = folder.assetcatalog; path = Assets.xcassets; sourceTree = "<group>"; };
		3E230B371BC887F9000162A3 /* Base */ = {isa = PBXFileReference; lastKnownFileType = file.storyboard; name = Base; path = Base.lproj/LaunchScreen.storyboard; sourceTree = "<group>"; };
		3E230B391BC887F9000162A3 /* Info.plist */ = {isa = PBXFileReference; lastKnownFileType = text.plist.xml; path = Info.plist; sourceTree = "<group>"; };
		3E7E2E051BCEB1EA005415C3 /* MusicListViewController.swift */ = {isa = PBXFileReference; fileEncoding = 4; lastKnownFileType = sourcecode.swift; path = MusicListViewController.swift; sourceTree = "<group>"; };
		3ECB9C111BCECDFC006B1253 /* PlayerViewController.swift */ = {isa = PBXFileReference; fileEncoding = 4; lastKnownFileType = sourcecode.swift; path = PlayerViewController.swift; sourceTree = "<group>"; };
		4C17A484F5774CCE20042D35 /* Pods.framework */ = {isa = PBXFileReference; explicitFileType = wrapper.framework; includeInIndex = 0; path = Pods.framework; sourceTree = BUILT_PRODUCTS_DIR; };
		67A726FEAFD9D36867EE5EBC /* Pods.debug.xcconfig */ = {isa = PBXFileReference; includeInIndex = 1; lastKnownFileType = text.xcconfig; name = Pods.debug.xcconfig; path = "../Pods/Target Support Files/Pods/Pods.debug.xcconfig"; sourceTree = "<group>"; };
		E1869FCB34779A9D08C83B6B /* Pods.release.xcconfig */ = {isa = PBXFileReference; includeInIndex = 1; lastKnownFileType = text.xcconfig; name = Pods.release.xcconfig; path = "../Pods/Target Support Files/Pods/Pods.release.xcconfig"; sourceTree = "<group>"; };
/* End PBXFileReference section */

/* Begin PBXFrameworksBuildPhase section */
		3E230B251BC887F9000162A3 /* Frameworks */ = {
			isa = PBXFrameworksBuildPhase;
			buildActionMask = 2147483647;
			files = (
				6B7C4F6F4ADA9C2CC1C29D26 /* Pods.framework in Frameworks */,
			);
			runOnlyForDeploymentPostprocessing = 0;
		};
/* End PBXFrameworksBuildPhase section */

/* Begin PBXGroup section */
		04D771841C7F504E0053C2FA /* models */ = {
			isa = PBXGroup;
			children = (
				043FD3E81C70081700E6C342 /* BM_2.swift */,
				04C308821C76ED2800E71881 /* Clip.swift */,
				04E80F201C6EFDAA00EE4F88 /* BM.swift */,
			);
			name = models;
			sourceTree = "<group>";
		};
		04FED8031C728683004B9022 /* utils */ = {
			isa = PBXGroup;
			children = (
				046CF6D21C784C1C0049DB74 /* CONS.swift */,
				046CF6D31C784C1C0049DB74 /* Methods.swift */,
				04FED8041C7286A0004B9022 /* DB.swift */,
			);
			name = utils;
			sourceTree = "<group>";
		};
		3E230B1F1BC887F9000162A3 = {
			isa = PBXGroup;
			children = (
				3E230B2A1BC887F9000162A3 /* AVPlayer */,
				3E230B291BC887F9000162A3 /* Products */,
				4B58EDEBB8078071D8D43ED6 /* Pods */,
				E82E8B04E45302C4D1045C01 /* Frameworks */,
			);
			sourceTree = "<group>";
		};
		3E230B291BC887F9000162A3 /* Products */ = {
			isa = PBXGroup;
			children = (
				3E230B281BC887F9000162A3 /* AVPlayer.app */,
			);
			name = Products;
			sourceTree = "<group>";
		};
		3E230B2A1BC887F9000162A3 /* AVPlayer */ = {
			isa = PBXGroup;
			children = (
				04FED8031C728683004B9022 /* utils */,
				040D663C1C70A76E0062799F /* PreferenceViewController.swift */,
				3E230B2B1BC887F9000162A3 /* AppDelegate.swift */,
				3E7E2E051BCEB1EA005415C3 /* MusicListViewController.swift */,
				3E230B2F1BC887F9000162A3 /* MovieListViewController.swift */,
				3ECB9C111BCECDFC006B1253 /* PlayerViewController.swift */,
				3E230B311BC887F9000162A3 /* Main.storyboard */,
				040D66381C7070EF0062799F /* BMViewController.swift */,
				3E230B341BC887F9000162A3 /* Assets.xcassets */,
				3E230B361BC887F9000162A3 /* LaunchScreen.storyboard */,
				3E230B391BC887F9000162A3 /* Info.plist */,
				04D771841C7F504E0053C2FA /* models */,
				045194E41C80255B005894C5 /* PVC.swift */,
			);
			path = AVPlayer;
			sourceTree = "<group>";
		};
		4B58EDEBB8078071D8D43ED6 /* Pods */ = {
			isa = PBXGroup;
			children = (
				67A726FEAFD9D36867EE5EBC /* Pods.debug.xcconfig */,
				E1869FCB34779A9D08C83B6B /* Pods.release.xcconfig */,
			);
			name = Pods;
			sourceTree = "<group>";
		};
		E82E8B04E45302C4D1045C01 /* Frameworks */ = {
			isa = PBXGroup;
			children = (
				4C17A484F5774CCE20042D35 /* Pods.framework */,
			);
			name = Frameworks;
			sourceTree = "<group>";
		};
/* End PBXGroup section */

/* Begin PBXNativeTarget section */
		3E230B271BC887F9000162A3 /* AVPlayer */ = {
			isa = PBXNativeTarget;
			buildConfigurationList = 3E230B3C1BC887F9000162A3 /* Build configuration list for PBXNativeTarget "AVPlayer" */;
			buildPhases = (
				DAF29DAB764D540F799541A2 /* Check Pods Manifest.lock */,
				3E230B241BC887F9000162A3 /* Sources */,
				3E230B251BC887F9000162A3 /* Frameworks */,
				3E230B261BC887F9000162A3 /* Resources */,
				7B7DD46A4525A7FE276DD161 /* Embed Pods Frameworks */,
				DEC030E91D124C8B9911BB0C /* Copy Pods Resources */,
			);
			buildRules = (
			);
			dependencies = (
			);
			name = AVPlayer;
			productName = AVPlayer;
			productReference = 3E230B281BC887F9000162A3 /* AVPlayer.app */;
			productType = "com.apple.product-type.application";
		};
/* End PBXNativeTarget section */

/* Begin PBXProject section */
		3E230B201BC887F9000162A3 /* Project object */ = {
			isa = PBXProject;
			attributes = {
				LastUpgradeCheck = 0700;
				ORGANIZATIONNAME = shoeisha;
				TargetAttributes = {
					3E230B271BC887F9000162A3 = {
						CreatedOnToolsVersion = 7.0.1;
						DevelopmentTeam = AV7FA5M5PL;
						SystemCapabilities = {
							com.apple.BackgroundModes = {
								enabled = 1;
							};
						};
					};
				};
			};
			buildConfigurationList = 3E230B231BC887F9000162A3 /* Build configuration list for PBXProject "avplayer" */;
			compatibilityVersion = "Xcode 3.2";
			developmentRegion = English;
			hasScannedForEncodings = 0;
			knownRegions = (
				en,
				Base,
			);
			mainGroup = 3E230B1F1BC887F9000162A3;
			productRefGroup = 3E230B291BC887F9000162A3 /* Products */;
			projectDirPath = "";
			projectRoot = "";
			targets = (
				3E230B271BC887F9000162A3 /* AVPlayer */,
			);
		};
/* End PBXProject section */

/* Begin PBXResourcesBuildPhase section */
		3E230B261BC887F9000162A3 /* Resources */ = {
			isa = PBXResourcesBuildPhase;
			buildActionMask = 2147483647;
			files = (
				3E230B381BC887F9000162A3 /* LaunchScreen.storyboard in Resources */,
				3E230B351BC887F9000162A3 /* Assets.xcassets in Resources */,
				3E230B331BC887F9000162A3 /* Main.storyboard in Resources */,
			);
			runOnlyForDeploymentPostprocessing = 0;
		};
/* End PBXResourcesBuildPhase section */

/* Begin PBXShellScriptBuildPhase section */
		7B7DD46A4525A7FE276DD161 /* Embed Pods Frameworks */ = {
			isa = PBXShellScriptBuildPhase;
			buildActionMask = 2147483647;
			files = (
			);
			inputPaths = (
			);
			name = "Embed Pods Frameworks";
			outputPaths = (
			);
			runOnlyForDeploymentPostprocessing = 0;
			shellPath = /bin/sh;
			shellScript = "\"${SRCROOT}/../Pods/Target Support Files/Pods/Pods-frameworks.sh\"\n";
			showEnvVarsInLog = 0;
		};
		DAF29DAB764D540F799541A2 /* Check Pods Manifest.lock */ = {
			isa = PBXShellScriptBuildPhase;
			buildActionMask = 2147483647;
			files = (
			);
			inputPaths = (
			);
			name = "Check Pods Manifest.lock";
			outputPaths = (
			);
			runOnlyForDeploymentPostprocessing = 0;
			shellPath = /bin/sh;
			shellScript = "diff \"${PODS_ROOT}/../Podfile.lock\" \"${PODS_ROOT}/Manifest.lock\" > /dev/null\nif [[ $? != 0 ]] ; then\n    cat << EOM\nerror: The sandbox is not in sync with the Podfile.lock. Run 'pod install' or update your CocoaPods installation.\nEOM\n    exit 1\nfi\n";
			showEnvVarsInLog = 0;
		};
		DEC030E91D124C8B9911BB0C /* Copy Pods Resources */ = {
			isa = PBXShellScriptBuildPhase;
			buildActionMask = 2147483647;
			files = (
			);
			inputPaths = (
			);
			name = "Copy Pods Resources";
			outputPaths = (
			);
			runOnlyForDeploymentPostprocessing = 0;
			shellPath = /bin/sh;
			shellScript = "\"${SRCROOT}/Pods/Target Support Files/Pods/Pods-resources.sh\"\n";
			showEnvVarsInLog = 0;
		};
/* End PBXShellScriptBuildPhase section */

/* Begin PBXSourcesBuildPhase section */
		3E230B241BC887F9000162A3 /* Sources */ = {
			isa = PBXSourcesBuildPhase;
			buildActionMask = 2147483647;
			files = (
				3E230B301BC887F9000162A3 /* MovieListViewController.swift in Sources */,
				046CF6D41C784C1C0049DB74 /* CONS.swift in Sources */,
				04C308831C76ED2800E71881 /* Clip.swift in Sources */,
				04E80F211C6EFDAA00EE4F88 /* BM.swift in Sources */,
				046CF6D51C784C1C0049DB74 /* Methods.swift in Sources */,
				045194E51C80255B005894C5 /* PVC.swift in Sources */,
				3ECB9C121BCECDFC006B1253 /* PlayerViewController.swift in Sources */,
				3E230B2C1BC887F9000162A3 /* AppDelegate.swift in Sources */,
				040D66391C7070EF0062799F /* BMViewController.swift in Sources */,
				040D663D1C70A76E0062799F /* PreferenceViewController.swift in Sources */,
				043FD3E91C70081700E6C342 /* BM_2.swift in Sources */,
				04FED8051C7286A0004B9022 /* DB.swift in Sources */,
				3E7E2E061BCEB1EA005415C3 /* MusicListViewController.swift in Sources */,
			);
			runOnlyForDeploymentPostprocessing = 0;
		};
/* End PBXSourcesBuildPhase section */

/* Begin PBXVariantGroup section */
		3E230B311BC887F9000162A3 /* Main.storyboard */ = {
			isa = PBXVariantGroup;
			children = (
				3E230B321BC887F9000162A3 /* Base */,
			);
			name = Main.storyboard;
			sourceTree = "<group>";
		};
		3E230B361BC887F9000162A3 /* LaunchScreen.storyboard */ = {
			isa = PBXVariantGroup;
			children = (
				3E230B371BC887F9000162A3 /* Base */,
			);
			name = LaunchScreen.storyboard;
			sourceTree = "<group>";
		};
/* End PBXVariantGroup section */

/* Begin XCBuildConfiguration section */
		3E230B3A1BC887F9000162A3 /* Debug */ = {
			isa = XCBuildConfiguration;
			buildSettings = {
				ALWAYS_SEARCH_USER_PATHS = NO;
				CLANG_CXX_LANGUAGE_STANDARD = "gnu++0x";
				CLANG_CXX_LIBRARY = "libc++";
				CLANG_ENABLE_MODULES = YES;
				CLANG_ENABLE_OBJC_ARC = YES;
				CLANG_WARN_BOOL_CONVERSION = YES;
				CLANG_WARN_CONSTANT_CONVERSION = YES;
				CLANG_WARN_DIRECT_OBJC_ISA_USAGE = YES_ERROR;
				CLANG_WARN_EMPTY_BODY = YES;
				CLANG_WARN_ENUM_CONVERSION = YES;
				CLANG_WARN_INT_CONVERSION = YES;
				CLANG_WARN_OBJC_ROOT_CLASS = YES_ERROR;
				CLANG_WARN_UNREACHABLE_CODE = YES;
				CLANG_WARN__DUPLICATE_METHOD_MATCH = YES;
				"CODE_SIGN_IDENTITY[sdk=iphoneos*]" = "iPhone Developer";
				COPY_PHASE_STRIP = NO;
				DEBUG_INFORMATION_FORMAT = dwarf;
				ENABLE_STRICT_OBJC_MSGSEND = YES;
				ENABLE_TESTABILITY = YES;
				GCC_C_LANGUAGE_STANDARD = gnu99;
				GCC_DYNAMIC_NO_PIC = NO;
				GCC_NO_COMMON_BLOCKS = YES;
				GCC_OPTIMIZATION_LEVEL = 0;
				GCC_PREPROCESSOR_DEFINITIONS = (
					"DEBUG=1",
					"$(inherited)",
				);
				GCC_WARN_64_TO_32_BIT_CONVERSION = YES;
				GCC_WARN_ABOUT_RETURN_TYPE = YES_ERROR;
				GCC_WARN_UNDECLARED_SELECTOR = YES;
				GCC_WARN_UNINITIALIZED_AUTOS = YES_AGGRESSIVE;
				GCC_WARN_UNUSED_FUNCTION = YES;
				GCC_WARN_UNUSED_VARIABLE = YES;
				IPHONEOS_DEPLOYMENT_TARGET = 9.0;
				MTL_ENABLE_DEBUG_INFO = YES;
				ONLY_ACTIVE_ARCH = YES;
				SDKROOT = iphoneos;
				SWIFT_OPTIMIZATION_LEVEL = "-Onone";
			};
			name = Debug;
		};
		3E230B3B1BC887F9000162A3 /* Release */ = {
			isa = XCBuildConfiguration;
			buildSettings = {
				ALWAYS_SEARCH_USER_PATHS = NO;
				CLANG_CXX_LANGUAGE_STANDARD = "gnu++0x";
				CLANG_CXX_LIBRARY = "libc++";
				CLANG_ENABLE_MODULES = YES;
				CLANG_ENABLE_OBJC_ARC = YES;
				CLANG_WARN_BOOL_CONVERSION = YES;
				CLANG_WARN_CONSTANT_CONVERSION = YES;
				CLANG_WARN_DIRECT_OBJC_ISA_USAGE = YES_ERROR;
				CLANG_WARN_EMPTY_BODY = YES;
				CLANG_WARN_ENUM_CONVERSION = YES;
				CLANG_WARN_INT_CONVERSION = YES;
				CLANG_WARN_OBJC_ROOT_CLASS = YES_ERROR;
				CLANG_WARN_UNREACHABLE_CODE = YES;
				CLANG_WARN__DUPLICATE_METHOD_MATCH = YES;
				"CODE_SIGN_IDENTITY[sdk=iphoneos*]" = "iPhone Developer";
				COPY_PHASE_STRIP = NO;
				DEBUG_INFORMATION_FORMAT = "dwarf-with-dsym";
				ENABLE_NS_ASSERTIONS = NO;
				ENABLE_STRICT_OBJC_MSGSEND = YES;
				GCC_C_LANGUAGE_STANDARD = gnu99;
				GCC_NO_COMMON_BLOCKS = YES;
				GCC_WARN_64_TO_32_BIT_CONVERSION = YES;
				GCC_WARN_ABOUT_RETURN_TYPE = YES_ERROR;
				GCC_WARN_UNDECLARED_SELECTOR = YES;
				GCC_WARN_UNINITIALIZED_AUTOS = YES_AGGRESSIVE;
				GCC_WARN_UNUSED_FUNCTION = YES;
				GCC_WARN_UNUSED_VARIABLE = YES;
				IPHONEOS_DEPLOYMENT_TARGET = 9.0;
				MTL_ENABLE_DEBUG_INFO = NO;
				SDKROOT = iphoneos;
				VALIDATE_PRODUCT = YES;
			};
			name = Release;
		};
		3E230B3D1BC887F9000162A3 /* Debug */ = {
			isa = XCBuildConfiguration;
			baseConfigurationReference = 67A726FEAFD9D36867EE5EBC /* Pods.debug.xcconfig */;
			buildSettings = {
				ASSETCATALOG_COMPILER_APPICON_NAME = AppIcon;
				CODE_SIGN_IDENTITY = "iPhone Developer";
				"CODE_SIGN_IDENTITY[sdk=iphoneos*]" = "iPhone Developer";
				INFOPLIST_FILE = AVPlayer/Info.plist;
				IPHONEOS_DEPLOYMENT_TARGET = 9.2;
				LD_RUNPATH_SEARCH_PATHS = "$(inherited) @executable_path/Frameworks";
				PRODUCT_BUNDLE_IDENTIFIER = "org.xcode-player.D-1-s-1-2";
				PRODUCT_NAME = "$(TARGET_NAME)";
				PROVISIONING_PROFILE = "";
			};
			name = Debug;
		};
		3E230B3E1BC887F9000162A3 /* Release */ = {
			isa = XCBuildConfiguration;
			baseConfigurationReference = E1869FCB34779A9D08C83B6B /* Pods.release.xcconfig */;
			buildSettings = {
				ASSETCATALOG_COMPILER_APPICON_NAME = AppIcon;
				CODE_SIGN_IDENTITY = "iPhone Developer";
				"CODE_SIGN_IDENTITY[sdk=iphoneos*]" = "iPhone Developer";
				INFOPLIST_FILE = AVPlayer/Info.plist;
				IPHONEOS_DEPLOYMENT_TARGET = 9.2;
				LD_RUNPATH_SEARCH_PATHS = "$(inherited) @executable_path/Frameworks";
				PRODUCT_BUNDLE_IDENTIFIER = "org.xcode-player.D-1-s-1-2";
				PRODUCT_NAME = "$(TARGET_NAME)";
				PROVISIONING_PROFILE = "";
			};
			name = Release;
		};
/* End XCBuildConfiguration section */

/* Begin XCConfigurationList section */
		3E230B231BC887F9000162A3 /* Build configuration list for PBXProject "avplayer" */ = {
			isa = XCConfigurationList;
			buildConfigurations = (
				3E230B3A1BC887F9000162A3 /* Debug */,
				3E230B3B1BC887F9000162A3 /* Release */,
			);
			defaultConfigurationIsVisible = 0;
			defaultConfigurationName = Release;
		};
		3E230B3C1BC887F9000162A3 /* Build configuration list for PBXNativeTarget "AVPlayer" */ = {
			isa = XCConfigurationList;
			buildConfigurations = (
				3E230B3D1BC887F9000162A3 /* Debug */,
				3E230B3E1BC887F9000162A3 /* Release */,
			);
			defaultConfigurationIsVisible = 0;
			defaultConfigurationName = Release;
		};
/* End XCConfigurationList section */
	};
	rootObject = 3E230B201BC887F9000162A3 /* Project object */;
}
